
Microsoft Visual Studio Solution File, Format Version 12.00
# Visual Studio 15
VisualStudioVersion = 15.0.28307.168
MinimumVisualStudioVersion = 10.0.40219.1
Project("{8BC9CEB8-8B4A-11D0-8D11-00A0C91BC942}") = "Laba", "Laba\Laba.vcxproj", "{1F48F1BF-0FDC-43FC-B5B1-98211A257AC1}"
	ProjectSection(ProjectDependencies) = postProject
		{B83F82AC-F8F5-465D-89EA-3BA80ADEA3FC} = {B83F82AC-F8F5-465D-89EA-3BA80ADEA3FC}
	EndProjectSection
EndProject
Project("{8BC9CEB8-8B4A-11D0-8D11-00A0C91BC942}") = "LibClass", "LibClass\LibClass.vcxproj", "{B83F82AC-F8F5-465D-89EA-3BA80ADEA3FC}"
EndProject
Global
	GlobalSection(SolutionConfigurationPlatforms) = preSolution
		Debug|x64 = Debug|x64
		Debug|x86 = Debug|x86
		Release|x64 = Release|x64
		Release|x86 = Release|x86
	EndGlobalSection
	GlobalSection(ProjectConfigurationPlatforms) = postSolution
		{1F48F1BF-0FDC-43FC-B5B1-98211A257AC1}.Debug|x64.ActiveCfg = Debug|x64
		{1F48F1BF-0FDC-43FC-B5B1-98211A257AC1}.Debug|x64.Build.0 = Debug|x64
		{1F48F1BF-0FDC-43FC-B5B1-98211A257AC1}.Debug|x86.ActiveCfg = Debug|Win32
		{1F48F1BF-0FDC-43FC-B5B1-98211A257AC1}.Debug|x86.Build.0 = Debug|Win32
		{1F48F1BF-0FDC-43FC-B5B1-98211A257AC1}.Release|x64.ActiveCfg = Release|x64
		{1F48F1BF-0FDC-43FC-B5B1-98211A257AC1}.Release|x64.Build.0 = Release|x64
		{1F48F1BF-0FDC-43FC-B5B1-98211A257AC1}.Release|x86.ActiveCfg = Release|Win32
		{1F48F1BF-0FDC-43FC-B5B1-98211A257AC1}.Release|x86.Build.0 = Release|Win32
		{B83F82AC-F8F5-465D-89EA-3BA80ADEA3FC}.Debug|x64.ActiveCfg = Debug|x64
		{B83F82AC-F8F5-465D-89EA-3BA80ADEA3FC}.Debug|x64.Build.0 = Debug|x64
		{B83F82AC-F8F5-465D-89EA-3BA80ADEA3FC}.Debug|x86.ActiveCfg = Debug|Win32
		{B83F82AC-F8F5-465D-89EA-3BA80ADEA3FC}.Debug|x86.Build.0 = Debug|Win32
		{B83F82AC-F8F5-465D-89EA-3BA80ADEA3FC}.Release|x64.ActiveCfg = Release|x64
		{B83F82AC-F8F5-465D-89EA-3BA80ADEA3FC}.Release|x64.Build.0 = Release|x64
		{B83F82AC-F8F5-465D-89EA-3BA80ADEA3FC}.Release|x86.ActiveCfg = Release|Win32
		{B83F82AC-F8F5-465D-89EA-3BA80ADEA3FC}.Release|x86.Build.0 = Release|Win32
	EndGlobalSection
	GlobalSection(SolutionProperties) = preSolution
		HideSolutionNode = FALSE
	EndGlobalSection
	GlobalSection(ExtensibilityGlobals) = postSolution
		SolutionGuid = {4134F7DB-7F0A-46A6-A586-CC09C4FD12B1}
	EndGlobalSection
EndGlobal
